
Microsoft Visual Studio Solution File, Format Version 12.00
# Visual Studio 2013
VisualStudioVersion = 12.0.31101.0
MinimumVisualStudioVersion = 10.0.40219.1
Project("{FAE04EC0-301F-11D3-BF4B-00C04F79EFBC}") = "HomeWork_Lesson5_Correct", "HomeWork_Lesson5_Correct\HomeWork_Lesson5_Correct.csproj", "{97054770-1AFC-4E9E-AF31-5866BA8AF720}"
EndProject
Global
	GlobalSection(SolutionConfigurationPlatforms) = preSolution
		Debug|Any CPU = Debug|Any CPU
		Release|Any CPU = Release|Any CPU
	EndGlobalSection
	GlobalSection(ProjectConfigurationPlatforms) = postSolution
		{97054770-1AFC-4E9E-AF31-5866BA8AF720}.Debug|Any CPU.ActiveCfg = Debug|Any CPU
		{97054770-1AFC-4E9E-AF31-5866BA8AF720}.Debug|Any CPU.Build.0 = Debug|Any CPU
		{97054770-1AFC-4E9E-AF31-5866BA8AF720}.Release|Any CPU.ActiveCfg = Release|Any CPU
		{97054770-1AFC-4E9E-AF31-5866BA8AF720}.Release|Any CPU.Build.0 = Release|Any CPU
	EndGlobalSection
	GlobalSection(SolutionProperties) = preSolution
		HideSolutionNode = FALSE
	EndGlobalSection
EndGlobal
